{
  "name": "pm-savefile-converter",
  "lockfileVersion": 3,
  "requires": true,
  "packages": {
    "": {
      "dependencies": {
        "scratch-translate-extension-languages": "^1.0.7"
      }
    },
    "node_modules/scratch-translate-extension-languages": {
      "version": "1.0.7",
      "resolved": "https://registry.npmjs.org/scratch-translate-extension-languages/-/scratch-translate-extension-languages-1.0.7.tgz",
      "integrity": "sha512-6+bQU9iVYv23T8J0SjpV6MTugm0y8myh/4DPgu1BGfccysdkaWzu3MkNGQyQRUlbqAiW9wM7ctfv3USPEkzTgg==",
      "license": "BSD-3-Clause"
    }
  }
}
